{
  "version": 4,
  "terraform_version": "1.8.2",
  "serial": 90,
  "lineage": "0f8a8e20-3f1c-bd1e-ed8d-b1275ba948d0",
  "outputs": {},
  "resources": [
    {
      "mode": "managed",
      "type": "azurerm_app_service_source_control",
      "name": "app-sourcectrl",
      "provider": "provider[\"registry.terraform.io/hashicorp/azurerm\"]",
      "instances": [
        {
          "index_key": "webappterrafom098ls7",
          "schema_version": 0,
          "attributes": {
            "app_id": "/subscriptions/323bf769-4156-483a-bfd9-cad235d08ee8/resourceGroups/primary-rg/providers/Microsoft.Web/sites/webappterrafom098ls7",
            "branch": "main",
            "github_action_configuration": [],
            "id": "/subscriptions/323bf769-4156-483a-bfd9-cad235d08ee8/resourceGroups/primary-rg/providers/Microsoft.Web/sites/webappterrafom098ls7",
            "repo_url": "https://github.com/dpgitrepo-source/webappterrafom098ls7.git",
            "rollback_enabled": false,
            "scm_type": "ExternalGit",
            "timeouts": null,
            "use_local_git": false,
            "use_manual_integration": true,
            "use_mercurial": false,
            "uses_github_action": false
          },
          "sensitive_attributes": [],
          "private": "eyJlMmJmYjczMC1lY2FhLTExZTYtOGY4OC0zNDM2M2JjN2M0YzAiOnsiY3JlYXRlIjoxODAwMDAwMDAwMDAwLCJkZWxldGUiOjE4MDAwMDAwMDAwMDAsInJlYWQiOjMwMDAwMDAwMDAwMH19",
          "dependencies": [
            "azurerm_mssql_database.web-sqldb",
            "azurerm_mssql_server.web-sqldbserver",
            "azurerm_resource_group.primary-app-grp",
            "azurerm_resource_group.web-db",
            "azurerm_service_plan.primar-app-plan",
            "azurerm_windows_web_app.primary-webapp"
          ]
        }
      ]
    },
    {
      "mode": "managed",
      "type": "azurerm_mssql_database",
      "name": "web-sqldb",
      "provider": "provider[\"registry.terraform.io/hashicorp/azurerm\"]",
      "instances": [
        {
          "schema_version": 1,
          "attributes": {
            "auto_pause_delay_in_minutes": 0,
            "collation": "SQL_Latin1_General_CP1_CI_AS",
            "create_mode": "Default",
            "creation_source_database_id": null,
            "elastic_pool_id": "",
            "enclave_type": "VBS",
            "geo_backup_enabled": true,
            "id": "/subscriptions/323bf769-4156-483a-bfd9-cad235d08ee8/resourceGroups/web-db-2222/providers/Microsoft.Sql/servers/web-db-2222-sqlserver/databases/web-db-2222-database",
            "identity": [],
            "import": [],
            "ledger_enabled": false,
            "license_type": "LicenseIncluded",
            "long_term_retention_policy": [
              {
                "immutable_backups_enabled": false,
                "monthly_retention": "PT0S",
                "week_of_year": 1,
                "weekly_retention": "PT0S",
                "yearly_retention": "PT0S"
              }
            ],
            "maintenance_configuration_name": "SQL_Default",
            "max_size_gb": 2,
            "min_capacity": 0,
            "name": "web-db-2222-database",
            "read_replica_count": 0,
            "read_scale": false,
            "recover_database_id": null,
            "recovery_point_id": null,
            "restore_dropped_database_id": null,
            "restore_long_term_retention_backup_id": null,
            "restore_point_in_time": null,
            "sample_name": null,
            "secondary_type": "",
            "server_id": "/subscriptions/323bf769-4156-483a-bfd9-cad235d08ee8/resourceGroups/web-db-2222/providers/Microsoft.Sql/servers/web-db-2222-sqlserver",
            "short_term_retention_policy": [
              {
                "backup_interval_in_hours": 24,
                "retention_days": 7
              }
            ],
            "sku_name": "S0",
            "storage_account_type": "Geo",
            "tags": {
              "purpose": "webapp-db"
            },
            "threat_detection_policy": [
              {
                "disabled_alerts": [],
                "email_account_admins": "Disabled",
                "email_addresses": [],
                "retention_days": 0,
                "state": "Disabled",
                "storage_account_access_key": "",
                "storage_endpoint": ""
              }
            ],
            "timeouts": null,
            "transparent_data_encryption_enabled": true,
            "transparent_data_encryption_key_automatic_rotation_enabled": false,
            "transparent_data_encryption_key_vault_key_id": "",
            "zone_redundant": false
          },
          "sensitive_attributes": [
            [
              {
                "type": "get_attr",
                "value": "threat_detection_policy"
              },
              {
                "type": "index",
                "value": {
                  "value": 0,
                  "type": "number"
                }
              },
              {
                "type": "get_attr",
                "value": "storage_account_access_key"
              }
            ]
          ],
          "private": "eyJlMmJmYjczMC1lY2FhLTExZTYtOGY4OC0zNDM2M2JjN2M0YzAiOnsiY3JlYXRlIjozNjAwMDAwMDAwMDAwLCJkZWxldGUiOjM2MDAwMDAwMDAwMDAsInJlYWQiOjMwMDAwMDAwMDAwMCwidXBkYXRlIjozNjAwMDAwMDAwMDAwfSwic2NoZW1hX3ZlcnNpb24iOiIxIn0=",
          "dependencies": [
            "azurerm_mssql_server.web-sqldbserver",
            "azurerm_resource_group.web-db"
          ]
        }
      ]
    },
    {
      "mode": "managed",
      "type": "azurerm_mssql_firewall_rule",
      "name": "allow-acces-services",
      "provider": "provider[\"registry.terraform.io/hashicorp/azurerm\"]",
      "instances": [
        {
          "schema_version": 0,
          "attributes": {
            "end_ip_address": "0.0.0.0",
            "id": "/subscriptions/323bf769-4156-483a-bfd9-cad235d08ee8/resourceGroups/web-db-2222/providers/Microsoft.Sql/servers/web-db-2222-sqlserver/firewallRules/FirewallRule1",
            "name": "FirewallRule1",
            "server_id": "/subscriptions/323bf769-4156-483a-bfd9-cad235d08ee8/resourceGroups/web-db-2222/providers/Microsoft.Sql/servers/web-db-2222-sqlserver",
            "start_ip_address": "0.0.0.0",
            "timeouts": null
          },
          "sensitive_attributes": [],
          "private": "eyJlMmJmYjczMC1lY2FhLTExZTYtOGY4OC0zNDM2M2JjN2M0YzAiOnsiY3JlYXRlIjoxODAwMDAwMDAwMDAwLCJkZWxldGUiOjE4MDAwMDAwMDAwMDAsInJlYWQiOjMwMDAwMDAwMDAwMCwidXBkYXRlIjoxODAwMDAwMDAwMDAwfX0=",
          "dependencies": [
            "azurerm_mssql_server.web-sqldbserver",
            "azurerm_resource_group.web-db"
          ]
        }
      ]
    },
    {
      "mode": "managed",
      "type": "azurerm_mssql_firewall_rule",
      "name": "web-db-firewall",
      "provider": "provider[\"registry.terraform.io/hashicorp/azurerm\"]",
      "instances": [
        {
          "schema_version": 0,
          "attributes": {
            "end_ip_address": "24.36.151.244",
            "id": "/subscriptions/323bf769-4156-483a-bfd9-cad235d08ee8/resourceGroups/web-db-2222/providers/Microsoft.Sql/servers/web-db-2222-sqlserver/firewallRules/web-db-2222-firewall",
            "name": "web-db-2222-firewall",
            "server_id": "/subscriptions/323bf769-4156-483a-bfd9-cad235d08ee8/resourceGroups/web-db-2222/providers/Microsoft.Sql/servers/web-db-2222-sqlserver",
            "start_ip_address": "24.36.151.244",
            "timeouts": null
          },
          "sensitive_attributes": [],
          "private": "eyJlMmJmYjczMC1lY2FhLTExZTYtOGY4OC0zNDM2M2JjN2M0YzAiOnsiY3JlYXRlIjoxODAwMDAwMDAwMDAwLCJkZWxldGUiOjE4MDAwMDAwMDAwMDAsInJlYWQiOjMwMDAwMDAwMDAwMCwidXBkYXRlIjoxODAwMDAwMDAwMDAwfX0=",
          "dependencies": [
            "azurerm_mssql_server.web-sqldbserver",
            "azurerm_resource_group.web-db"
          ]
        }
      ]
    },
    {
      "mode": "managed",
      "type": "azurerm_mssql_server",
      "name": "web-sqldbserver",
      "provider": "provider[\"registry.terraform.io/hashicorp/azurerm\"]",
      "instances": [
        {
          "schema_version": 0,
          "attributes": {
            "administrator_login": "lion",
            "administrator_login_password": "Se@ton111",
            "administrator_login_password_wo": null,
            "administrator_login_password_wo_version": 0,
            "azuread_administrator": [],
            "connection_policy": "Default",
            "express_vulnerability_assessment_enabled": false,
            "fully_qualified_domain_name": "web-db-2222-sqlserver.database.windows.net",
            "id": "/subscriptions/323bf769-4156-483a-bfd9-cad235d08ee8/resourceGroups/web-db-2222/providers/Microsoft.Sql/servers/web-db-2222-sqlserver",
            "identity": [],
            "location": "canadacentral",
            "minimum_tls_version": "1.2",
            "name": "web-db-2222-sqlserver",
            "outbound_network_restriction_enabled": false,
            "primary_user_assigned_identity_id": "",
            "public_network_access_enabled": true,
            "resource_group_name": "web-db-2222",
            "restorable_dropped_database_ids": [],
            "tags": {},
            "timeouts": null,
            "transparent_data_encryption_key_vault_key_id": "",
            "version": "12.0"
          },
          "sensitive_attributes": [
            [
              {
                "type": "get_attr",
                "value": "administrator_login_password"
              }
            ],
            [
              {
                "type": "get_attr",
                "value": "administrator_login_password_wo"
              }
            ]
          ],
          "private": "eyJlMmJmYjczMC1lY2FhLTExZTYtOGY4OC0zNDM2M2JjN2M0YzAiOnsiY3JlYXRlIjozNjAwMDAwMDAwMDAwLCJkZWxldGUiOjM2MDAwMDAwMDAwMDAsInJlYWQiOjMwMDAwMDAwMDAwMCwidXBkYXRlIjozNjAwMDAwMDAwMDAwfX0=",
          "dependencies": [
            "azurerm_resource_group.web-db"
          ]
        }
      ]
    },
    {
      "mode": "managed",
      "type": "azurerm_resource_group",
      "name": "primary-app-grp",
      "provider": "provider[\"registry.terraform.io/hashicorp/azurerm\"]",
      "instances": [
        {
          "schema_version": 0,
          "attributes": {
            "id": "/subscriptions/323bf769-4156-483a-bfd9-cad235d08ee8/resourceGroups/primary-rg",
            "location": "canadacentral",
            "managed_by": "",
            "name": "primary-rg",
            "tags": {},
            "timeouts": null
          },
          "sensitive_attributes": [],
          "private": "eyJlMmJmYjczMC1lY2FhLTExZTYtOGY4OC0zNDM2M2JjN2M0YzAiOnsiY3JlYXRlIjo1NDAwMDAwMDAwMDAwLCJkZWxldGUiOjU0MDAwMDAwMDAwMDAsInJlYWQiOjMwMDAwMDAwMDAwMCwidXBkYXRlIjo1NDAwMDAwMDAwMDAwfX0="
        }
      ]
    },
    {
      "mode": "managed",
      "type": "azurerm_resource_group",
      "name": "web-db",
      "provider": "provider[\"registry.terraform.io/hashicorp/azurerm\"]",
      "instances": [
        {
          "schema_version": 0,
          "attributes": {
            "id": "/subscriptions/323bf769-4156-483a-bfd9-cad235d08ee8/resourceGroups/web-db-2222",
            "location": "canadacentral",
            "managed_by": "",
            "name": "web-db-2222",
            "tags": {},
            "timeouts": null
          },
          "sensitive_attributes": [],
          "private": "eyJlMmJmYjczMC1lY2FhLTExZTYtOGY4OC0zNDM2M2JjN2M0YzAiOnsiY3JlYXRlIjo1NDAwMDAwMDAwMDAwLCJkZWxldGUiOjU0MDAwMDAwMDAwMDAsInJlYWQiOjMwMDAwMDAwMDAwMCwidXBkYXRlIjo1NDAwMDAwMDAwMDAwfX0="
        }
      ]
    },
    {
      "mode": "managed",
      "type": "azurerm_service_plan",
      "name": "primar-app-plan",
      "provider": "provider[\"registry.terraform.io/hashicorp/azurerm\"]",
      "instances": [
        {
          "index_key": "primary-plan-linux",
          "schema_version": 1,
          "attributes": {
            "app_service_environment_id": "",
            "id": "/subscriptions/323bf769-4156-483a-bfd9-cad235d08ee8/resourceGroups/primary-rg/providers/Microsoft.Web/serverFarms/primary-plan-linux",
            "kind": "linux",
            "location": "canadacentral",
            "maximum_elastic_worker_count": 1,
            "name": "primary-plan-linux",
            "os_type": "Linux",
            "per_site_scaling_enabled": false,
            "premium_plan_auto_scale_enabled": false,
            "reserved": true,
            "resource_group_name": "primary-rg",
            "sku_name": "F1",
            "tags": {},
            "timeouts": null,
            "worker_count": 1,
            "zone_balancing_enabled": false
          },
          "sensitive_attributes": [],
          "private": "eyJlMmJmYjczMC1lY2FhLTExZTYtOGY4OC0zNDM2M2JjN2M0YzAiOnsiY3JlYXRlIjozNjAwMDAwMDAwMDAwLCJkZWxldGUiOjM2MDAwMDAwMDAwMDAsInJlYWQiOjMwMDAwMDAwMDAwMCwidXBkYXRlIjozNjAwMDAwMDAwMDAwfSwic2NoZW1hX3ZlcnNpb24iOiIxIn0=",
          "dependencies": [
            "azurerm_resource_group.primary-app-grp"
          ]
        },
        {
          "index_key": "primary-plan-windows",
          "schema_version": 1,
          "attributes": {
            "app_service_environment_id": "",
            "id": "/subscriptions/323bf769-4156-483a-bfd9-cad235d08ee8/resourceGroups/primary-rg/providers/Microsoft.Web/serverFarms/primary-plan-windows",
            "kind": "app",
            "location": "canadacentral",
            "maximum_elastic_worker_count": 1,
            "name": "primary-plan-windows",
            "os_type": "Windows",
            "per_site_scaling_enabled": false,
            "premium_plan_auto_scale_enabled": false,
            "reserved": false,
            "resource_group_name": "primary-rg",
            "sku_name": "F1",
            "tags": {},
            "timeouts": null,
            "worker_count": 0,
            "zone_balancing_enabled": false
          },
          "sensitive_attributes": [],
          "private": "eyJlMmJmYjczMC1lY2FhLTExZTYtOGY4OC0zNDM2M2JjN2M0YzAiOnsiY3JlYXRlIjozNjAwMDAwMDAwMDAwLCJkZWxldGUiOjM2MDAwMDAwMDAwMDAsInJlYWQiOjMwMDAwMDAwMDAwMCwidXBkYXRlIjozNjAwMDAwMDAwMDAwfSwic2NoZW1hX3ZlcnNpb24iOiIxIn0=",
          "dependencies": [
            "azurerm_resource_group.primary-app-grp"
          ]
        }
      ]
    },
    {
      "mode": "managed",
      "type": "azurerm_windows_web_app",
      "name": "primary-webapp",
      "provider": "provider[\"registry.terraform.io/hashicorp/azurerm\"]",
      "instances": [
        {
          "index_key": "webappterrafom098ls7",
          "schema_version": 1,
          "attributes": {
            "app_settings": {},
            "auth_settings": [
              {
                "active_directory": [],
                "additional_login_parameters": {},
                "allowed_external_redirect_urls": [],
                "default_provider": "",
                "enabled": false,
                "facebook": [],
                "github": [],
                "google": [],
                "issuer": "",
                "microsoft": [],
                "runtime_version": "",
                "token_refresh_extension_hours": 0,
                "token_store_enabled": false,
                "twitter": [],
                "unauthenticated_client_action": ""
              }
            ],
            "auth_settings_v2": [],
            "backup": [],
            "client_affinity_enabled": false,
            "client_certificate_enabled": false,
            "client_certificate_exclusion_paths": "",
            "client_certificate_mode": "Required",
            "connection_string": [
              {
                "name": "AZURE_SQL_CONNECTIONSTRING",
                "type": "SQLAzure",
                "value": "Server=tcp:web-db-2222-sqlserver.database.windows.net,1433;Initial Catalog=web-db-2222-database;Persist Security Info=False;User ID=lion;Password=Se@ton111;MultipleActiveResultSets=False;Encrypt=True;TrustServerCertificate=False;Connection Timeout=30;"
              }
            ],
            "custom_domain_verification_id": "ADFA50A34EE62B9F396C4793062EF82246CE3AD02B3807E60BCC51115733C7CC",
            "default_hostname": "webappterrafom098ls7.azurewebsites.net",
            "enabled": true,
            "ftp_publish_basic_authentication_enabled": true,
            "hosting_environment_id": "",
            "https_only": false,
            "id": "/subscriptions/323bf769-4156-483a-bfd9-cad235d08ee8/resourceGroups/primary-rg/providers/Microsoft.Web/sites/webappterrafom098ls7",
            "identity": [],
            "key_vault_reference_identity_id": "SystemAssigned",
            "kind": "app",
            "location": "canadacentral",
            "logs": [],
            "name": "webappterrafom098ls7",
            "outbound_ip_address_list": [
              "4.174.185.84",
              "20.48.204.6"
            ],
            "outbound_ip_addresses": "4.174.185.84,20.48.204.6",
            "possible_outbound_ip_address_list": [
              "20.116.234.219",
              "20.116.237.183",
              "20.116.234.222",
              "20.116.234.223",
              "20.116.235.15",
              "20.116.235.30",
              "20.116.235.137",
              "20.116.235.150",
              "20.116.235.151",
              "20.116.235.176",
              "20.116.235.177",
              "20.116.235.182",
              "4.174.184.2",
              "4.174.184.13",
              "4.174.184.22",
              "4.174.184.26",
              "4.174.184.35",
              "4.174.184.94",
              "4.174.185.84",
              "20.116.235.42",
              "20.116.235.43",
              "20.116.235.68",
              "20.116.235.69",
              "20.116.235.78",
              "20.116.235.79",
              "20.116.235.94",
              "20.116.235.95",
              "20.116.235.103",
              "20.116.235.104",
              "20.116.235.105",
              "20.116.235.120",
              "20.116.235.121",
              "20.116.235.126",
              "20.116.235.127",
              "20.116.235.132",
              "20.116.235.133",
              "20.116.235.136",
              "4.174.184.147",
              "4.174.184.214",
              "4.174.184.248",
              "4.174.185.19",
              "4.174.185.62",
              "4.174.185.73",
              "20.48.204.6"
            ],
            "possible_outbound_ip_addresses": "20.116.234.219,20.116.237.183,20.116.234.222,20.116.234.223,20.116.235.15,20.116.235.30,20.116.235.137,20.116.235.150,20.116.235.151,20.116.235.176,20.116.235.177,20.116.235.182,4.174.184.2,4.174.184.13,4.174.184.22,4.174.184.26,4.174.184.35,4.174.184.94,4.174.185.84,20.116.235.42,20.116.235.43,20.116.235.68,20.116.235.69,20.116.235.78,20.116.235.79,20.116.235.94,20.116.235.95,20.116.235.103,20.116.235.104,20.116.235.105,20.116.235.120,20.116.235.121,20.116.235.126,20.116.235.127,20.116.235.132,20.116.235.133,20.116.235.136,4.174.184.147,4.174.184.214,4.174.184.248,4.174.185.19,4.174.185.62,4.174.185.73,20.48.204.6",
            "public_network_access_enabled": true,
            "resource_group_name": "primary-rg",
            "service_plan_id": "/subscriptions/323bf769-4156-483a-bfd9-cad235d08ee8/resourceGroups/primary-rg/providers/Microsoft.Web/serverFarms/primary-plan-windows",
            "site_config": [
              {
                "always_on": false,
                "api_definition_url": "",
                "api_management_api_id": "",
                "app_command_line": "",
                "application_stack": [
                  {
                    "current_stack": "dotnet",
                    "docker_image_name": "",
                    "docker_registry_password": "",
                    "docker_registry_url": "",
                    "docker_registry_username": "",
                    "dotnet_core_version": "",
                    "dotnet_version": "v8.0",
                    "java_container": "",
                    "java_container_version": "",
                    "java_embedded_server_enabled": false,
                    "java_version": "",
                    "node_version": "",
                    "php_version": "5.6",
                    "python": false,
                    "tomcat_version": ""
                  }
                ],
                "auto_heal_setting": [],
                "container_registry_managed_identity_client_id": "",
                "container_registry_use_managed_identity": false,
                "cors": [],
                "default_documents": [
                  "Default.htm",
                  "Default.html",
                  "Default.asp",
                  "index.htm",
                  "index.html",
                  "iisstart.htm",
                  "default.aspx",
                  "index.php",
                  "hostingstart.html"
                ],
                "detailed_error_logging_enabled": false,
                "ftps_state": "Disabled",
                "handler_mapping": [],
                "health_check_eviction_time_in_min": 0,
                "health_check_path": "",
                "http2_enabled": false,
                "ip_restriction": [],
                "ip_restriction_default_action": "Allow",
                "linux_fx_version": "",
                "load_balancing_mode": "LeastRequests",
                "local_mysql_enabled": false,
                "managed_pipeline_mode": "Integrated",
                "minimum_tls_version": "1.2",
                "remote_debugging_enabled": false,
                "remote_debugging_version": "VS2022",
                "scm_ip_restriction": [],
                "scm_ip_restriction_default_action": "Allow",
                "scm_minimum_tls_version": "1.2",
                "scm_type": "ExternalGit",
                "scm_use_main_ip_restriction": false,
                "use_32_bit_worker": true,
                "virtual_application": [],
                "vnet_route_all_enabled": false,
                "websockets_enabled": false,
                "windows_fx_version": "",
                "worker_count": 1
              }
            ],
            "site_credential": [
              {
                "name": "$webappterrafom098ls7",
                "password": "etjnrM8Zhbp6WJCA36pCyAsmKYBmHXhWjehxgujQGoJuLty3fJnjomJumhKk"
              }
            ],
            "sticky_settings": [],
            "storage_account": [],
            "tags": {},
            "timeouts": null,
            "virtual_network_backup_restore_enabled": false,
            "virtual_network_image_pull_enabled": false,
            "virtual_network_subnet_id": "",
            "webdeploy_publish_basic_authentication_enabled": true,
            "zip_deploy_file": ""
          },
          "sensitive_attributes": [
            [
              {
                "type": "get_attr",
                "value": "custom_domain_verification_id"
              }
            ],
            [
              {
                "type": "get_attr",
                "value": "site_credential"
              }
            ],
            [
              {
                "type": "get_attr",
                "value": "site_config"
              },
              {
                "type": "index",
                "value": {
                  "value": 0,
                  "type": "number"
                }
              },
              {
                "type": "get_attr",
                "value": "application_stack"
              },
              {
                "type": "index",
                "value": {
                  "value": 0,
                  "type": "number"
                }
              },
              {
                "type": "get_attr",
                "value": "docker_registry_password"
              }
            ],
            [
              {
                "type": "get_attr",
                "value": "connection_string"
              }
            ]
          ],
          "private": "eyJlMmJmYjczMC1lY2FhLTExZTYtOGY4OC0zNDM2M2JjN2M0YzAiOnsiY3JlYXRlIjoxODAwMDAwMDAwMDAwLCJkZWxldGUiOjE4MDAwMDAwMDAwMDAsInJlYWQiOjMwMDAwMDAwMDAwMCwidXBkYXRlIjoxODAwMDAwMDAwMDAwfSwic2NoZW1hX3ZlcnNpb24iOiIxIn0=",
          "dependencies": [
            "azurerm_mssql_database.web-sqldb",
            "azurerm_mssql_server.web-sqldbserver",
            "azurerm_resource_group.primary-app-grp",
            "azurerm_resource_group.web-db",
            "azurerm_service_plan.primar-app-plan"
          ]
        }
      ]
    },
    {
      "mode": "managed",
      "type": "null_resource",
      "name": "db-data-insert",
      "provider": "provider[\"registry.terraform.io/hashicorp/null\"]",
      "instances": [
        {
          "schema_version": 0,
          "attributes": {
            "id": "8979105584953771578",
            "triggers": {
              "app-version": "4"
            }
          },
          "sensitive_attributes": [],
          "dependencies": [
            "azurerm_mssql_database.web-sqldb",
            "azurerm_mssql_server.web-sqldbserver",
            "azurerm_resource_group.web-db"
          ]
        }
      ]
    }
  ],
  "check_results": null
}
